
Microsoft Visual Studio Solution File, Format Version 12.00
# Visual Studio Version 17
VisualStudioVersion = 17.7.34221.43
MinimumVisualStudioVersion = 10.0.40219.1
Project("{FAE04EC0-301F-11D3-BF4B-00C04F79EFBC}") = "ILV", "ILV.csproj", "{7DE1C17D-6CD7-4632-8A7E-75802B8B2A04}"
EndProject
Global
	GlobalSection(SolutionConfigurationPlatforms) = preSolution
		Debug|Any CPU = Debug|Any CPU
		Release|Any CPU = Release|Any CPU
	EndGlobalSection
	GlobalSection(ProjectConfigurationPlatforms) = postSolution
		{7DE1C17D-6CD7-4632-8A7E-75802B8B2A04}.Debug|Any CPU.ActiveCfg = Debug|Any CPU
		{7DE1C17D-6CD7-4632-8A7E-75802B8B2A04}.Debug|Any CPU.Build.0 = Debug|Any CPU
		{7DE1C17D-6CD7-4632-8A7E-75802B8B2A04}.Release|Any CPU.ActiveCfg = Release|Any CPU
		{7DE1C17D-6CD7-4632-8A7E-75802B8B2A04}.Release|Any CPU.Build.0 = Release|Any CPU
	EndGlobalSection
	GlobalSection(SolutionProperties) = preSolution
		HideSolutionNode = FALSE
	EndGlobalSection
	GlobalSection(ExtensibilityGlobals) = postSolution
		SolutionGuid = {94BF62BA-1E85-4664-96C8-BDBDFE9500E6}
	EndGlobalSection
EndGlobal
